
Microsoft Visual Studio Solution File, Format Version 12.00
# Visual Studio Version 17
VisualStudioVersion = 17.6.33829.357
MinimumVisualStudioVersion = 10.0.40219.1
Project("{FAE04EC0-301F-11D3-BF4B-00C04F79EFBC}") = "TestResultsAnalyzer", "TestResultsAnalyzer.csproj", "{03BC86DB-D9E9-469D-B415-5356B74BC5A7}"
EndProject
Global
	GlobalSection(SolutionConfigurationPlatforms) = preSolution
		Debug|Any CPU = Debug|Any CPU
		Release|Any CPU = Release|Any CPU
	EndGlobalSection
	GlobalSection(ProjectConfigurationPlatforms) = postSolution
		{03BC86DB-D9E9-469D-B415-5356B74BC5A7}.Debug|Any CPU.ActiveCfg = Debug|Any CPU
		{03BC86DB-D9E9-469D-B415-5356B74BC5A7}.Debug|Any CPU.Build.0 = Debug|Any CPU
		{03BC86DB-D9E9-469D-B415-5356B74BC5A7}.Release|Any CPU.ActiveCfg = Release|Any CPU
		{03BC86DB-D9E9-469D-B415-5356B74BC5A7}.Release|Any CPU.Build.0 = Release|Any CPU
	EndGlobalSection
	GlobalSection(SolutionProperties) = preSolution
		HideSolutionNode = FALSE
	EndGlobalSection
	GlobalSection(ExtensibilityGlobals) = postSolution
		SolutionGuid = {4E75E79D-29ED-4B39-9864-7BD82D810A1E}
	EndGlobalSection
EndGlobal
